
Microsoft Visual Studio Solution File, Format Version 12.00
# Visual Studio Version 17
VisualStudioVersion = 17.13.35825.156 d17.13
MinimumVisualStudioVersion = 10.0.40219.1
Project("{FAE04EC0-301F-11D3-BF4B-00C04F79EFBC}") = "SingleResponsibility", "Lesson33_34\SingleResponsibility.csproj", "{38646978-F2C5-48F1-9B42-B55A8CF5E6BC}"
EndProject
Project("{FAE04EC0-301F-11D3-BF4B-00C04F79EFBC}") = "OpenClosedPrinciple", "OpenClosedPrinciple\OpenClosedPrinciple.csproj", "{478D636E-A128-43E0-8A31-E4F9BD31D6FA}"
EndProject
Global
	GlobalSection(SolutionConfigurationPlatforms) = preSolution
		Debug|Any CPU = Debug|Any CPU
		Release|Any CPU = Release|Any CPU
	EndGlobalSection
	GlobalSection(ProjectConfigurationPlatforms) = postSolution
		{38646978-F2C5-48F1-9B42-B55A8CF5E6BC}.Debug|Any CPU.ActiveCfg = Debug|Any CPU
		{38646978-F2C5-48F1-9B42-B55A8CF5E6BC}.Debug|Any CPU.Build.0 = Debug|Any CPU
		{38646978-F2C5-48F1-9B42-B55A8CF5E6BC}.Release|Any CPU.ActiveCfg = Release|Any CPU
		{38646978-F2C5-48F1-9B42-B55A8CF5E6BC}.Release|Any CPU.Build.0 = Release|Any CPU
		{478D636E-A128-43E0-8A31-E4F9BD31D6FA}.Debug|Any CPU.ActiveCfg = Debug|Any CPU
		{478D636E-A128-43E0-8A31-E4F9BD31D6FA}.Debug|Any CPU.Build.0 = Debug|Any CPU
		{478D636E-A128-43E0-8A31-E4F9BD31D6FA}.Release|Any CPU.ActiveCfg = Release|Any CPU
		{478D636E-A128-43E0-8A31-E4F9BD31D6FA}.Release|Any CPU.Build.0 = Release|Any CPU
	EndGlobalSection
	GlobalSection(SolutionProperties) = preSolution
		HideSolutionNode = FALSE
	EndGlobalSection
	GlobalSection(ExtensibilityGlobals) = postSolution
		SolutionGuid = {E6A9A4FB-044B-4D5A-BD23-DF111643D8D0}
	EndGlobalSection
EndGlobal
